// !$*UTF8*$!
{
	archiveVersion = 1;
	classes = {
	};
	objectVersion = 46;
	objects = {

/* Begin PBXBuildFile section */
		3D6BAF701A6810A7007DF67B /* AppDelegate.swift in Sources */ = {isa = PBXBuildFile; fileRef = 3D6BAF6F1A6810A7007DF67B /* AppDelegate.swift */; };
		3D6BAF721A6810A7007DF67B /* ViewController.swift in Sources */ = {isa = PBXBuildFile; fileRef = 3D6BAF711A6810A7007DF67B /* ViewController.swift */; };
		3D6BAF751A6810A7007DF67B /* Main.storyboard in Resources */ = {isa = PBXBuildFile; fileRef = 3D6BAF731A6810A7007DF67B /* Main.storyboard */; };
		3D6BAF771A6810A7007DF67B /* Images.xcassets in Resources */ = {isa = PBXBuildFile; fileRef = 3D6BAF761A6810A7007DF67B /* Images.xcassets */; };
		3D6BAF7A1A6810A7007DF67B /* LaunchScreen.xib in Resources */ = {isa = PBXBuildFile; fileRef = 3D6BAF781A6810A7007DF67B /* LaunchScreen.xib */; };
		3D6BAF861A6810A7007DF67B /* AllAboutMeTests.swift in Sources */ = {isa = PBXBuildFile; fileRef = 3D6BAF851A6810A7007DF67B /* AllAboutMeTests.swift */; };
		3D6BAF921A681261007DF67B /* profile.png in Resources */ = {isa = PBXBuildFile; fileRef = 3D6BAF911A681261007DF67B /* profile.png */; };
/* End PBXBuildFile section */

/* Begin PBXContainerItemProxy section */
		3D6BAF801A6810A7007DF67B /* PBXContainerItemProxy */ = {
			isa = PBXContainerItemProxy;
			containerPortal = 3D6BAF621A6810A7007DF67B /* Project object */;
			proxyType = 1;
			remoteGlobalIDString = 3D6BAF691A6810A7007DF67B;
			remoteInfo = AllAboutMe;
		};
/* End PBXContainerItemProxy section */

/* Begin PBXFileReference section */
		3D6BAF6A1A6810A7007DF67B /* AllAboutMe.app */ = {isa = PBXFileReference; explicitFileType = wrapper.application; includeInIndex = 0; path = AllAboutMe.app; sourceTree = BUILT_PRODUCTS_DIR; };
		3D6BAF6E1A6810A7007DF67B /* Info.plist */ = {isa = PBXFileReference; lastKnownFileType = text.plist.xml; path = Info.plist; sourceTree = "<group>"; };
		3D6BAF6F1A6810A7007DF67B /* AppDelegate.swift */ = {isa = PBXFileReference; lastKnownFileType = sourcecode.swift; path = AppDelegate.swift; sourceTree = "<group>"; };
		3D6BAF711A6810A7007DF67B /* ViewController.swift */ = {isa = PBXFileReference; lastKnownFileType = sourcecode.swift; path = ViewController.swift; sourceTree = "<group>"; };
		3D6BAF741A6810A7007DF67B /* Base */ = {isa = PBXFileReference; lastKnownFileType = file.storyboard; name = Base; path = Base.lproj/Main.storyboard; sourceTree = "<group>"; };
		3D6BAF761A6810A7007DF67B /* Images.xcassets */ = {isa = PBXFileReference; lastKnownFileType = folder.assetcatalog; path = Images.xcassets; sourceTree = "<group>"; };
		3D6BAF791A6810A7007DF67B /* Base */ = {isa = PBXFileReference; lastKnownFileType = file.xib; name = Base; path = Base.lproj/LaunchScreen.xib; sourceTree = "<group>"; };
		3D6BAF7F1A6810A7007DF67B /* AllAboutMeTests.xctest */ = {isa = PBXFileReference; explicitFileType = wrapper.cfbundle; includeInIndex = 0; path = AllAboutMeTests.xctest; sourceTree = BUILT_PRODUCTS_DIR; };
		3D6BAF841A6810A7007DF67B /* Info.plist */ = {isa = PBXFileReference; lastKnownFileType = text.plist.xml; path = Info.plist; sourceTree = "<group>"; };
		3D6BAF851A6810A7007DF67B /* AllAboutMeTests.swift */ = {isa = PBXFileReference; lastKnownFileType = sourcecode.swift; path = AllAboutMeTests.swift; sourceTree = "<group>"; };
		3D6BAF911A681261007DF67B /* profile.png */ = {isa = PBXFileReference; lastKnownFileType = image.png; path = profile.png; sourceTree = "<group>"; };
/* End PBXFileReference section */

/* Begin PBXFrameworksBuildPhase section */
		3D6BAF671A6810A7007DF67B /* Frameworks */ = {
			isa = PBXFrameworksBuildPhase;
			buildActionMask = 2147483647;
			files = (
			);
			runOnlyForDeploymentPostprocessing = 0;
		};
		3D6BAF7C1A6810A7007DF67B /* Frameworks */ = {
			isa = PBXFrameworksBuildPhase;
			buildActionMask = 2147483647;
			files = (
			);
			runOnlyForDeploymentPostprocessing = 0;
		};
/* End PBXFrameworksBuildPhase section */

/* Begin PBXGroup section */
		3D6BAF611A6810A7007DF67B = {
			isa = PBXGroup;
			children = (
				3D6BAF6C1A6810A7007DF67B /* AllAboutMe */,
				3D6BAF821A6810A7007DF67B /* AllAboutMeTests */,
				3D6BAF6B1A6810A7007DF67B /* Products */,
			);
			sourceTree = "<group>";
		};
		3D6BAF6B1A6810A7007DF67B /* Products */ = {
			isa = PBXGroup;
			children = (
				3D6BAF6A1A6810A7007DF67B /* AllAboutMe.app */,
				3D6BAF7F1A6810A7007DF67B /* AllAboutMeTests.xctest */,
			);
			name = Products;
			sourceTree = "<group>";
		};
		3D6BAF6C1A6810A7007DF67B /* AllAboutMe */ = {
			isa = PBXGroup;
			children = (
				3D6BAF6F1A6810A7007DF67B /* AppDelegate.swift */,
				3D6BAF711A6810A7007DF67B /* ViewController.swift */,
				3D6BAF731A6810A7007DF67B /* Main.storyboard */,
				3D6BAF761A6810A7007DF67B /* Images.xcassets */,
				3D6BAF781A6810A7007DF67B /* LaunchScreen.xib */,
				3D6BAF6D1A6810A7007DF67B /* Supporting Files */,
			);
			path = AllAboutMe;
			sourceTree = "<group>";
		};
		3D6BAF6D1A6810A7007DF67B /* Supporting Files */ = {
			isa = PBXGroup;
			children = (
				3D6BAF911A681261007DF67B /* profile.png */,
				3D6BAF6E1A6810A7007DF67B /* Info.plist */,
			);
			name = "Supporting Files";
			sourceTree = "<group>";
		};
		3D6BAF821A6810A7007DF67B /* AllAboutMeTests */ = {
			isa = PBXGroup;
			children = (
				3D6BAF851A6810A7007DF67B /* AllAboutMeTests.swift */,
				3D6BAF831A6810A7007DF67B /* Supporting Files */,
			);
			path = AllAboutMeTests;
			sourceTree = "<group>";
		};
		3D6BAF831A6810A7007DF67B /* Supporting Files */ = {
			isa = PBXGroup;
			children = (
				3D6BAF841A6810A7007DF67B /* Info.plist */,
			);
			name = "Supporting Files";
			sourceTree = "<group>";
		};
/* End PBXGroup section */

/* Begin PBXNativeTarget section */
		3D6BAF691A6810A7007DF67B /* AllAboutMe */ = {
			isa = PBXNativeTarget;
			buildConfigurationList = 3D6BAF891A6810A7007DF67B /* Build configuration list for PBXNativeTarget "AllAboutMe" */;
			buildPhases = (
				3D6BAF661A6810A7007DF67B /* Sources */,
				3D6BAF671A6810A7007DF67B /* Frameworks */,
				3D6BAF681A6810A7007DF67B /* Resources */,
			);
			buildRules = (
			);
			dependencies = (
			);
			name = AllAboutMe;
			productName = AllAboutMe;
			productReference = 3D6BAF6A1A6810A7007DF67B /* AllAboutMe.app */;
			productType = "com.apple.product-type.application";
		};
		3D6BAF7E1A6810A7007DF67B /* AllAboutMeTests */ = {
			isa = PBXNativeTarget;
			buildConfigurationList = 3D6BAF8C1A6810A7007DF67B /* Build configuration list for PBXNativeTarget "AllAboutMeTests" */;
			buildPhases = (
				3D6BAF7B1A6810A7007DF67B /* Sources */,
				3D6BAF7C1A6810A7007DF67B /* Frameworks */,
				3D6BAF7D1A6810A7007DF67B /* Resources */,
			);
			buildRules = (
			);
			dependencies = (
				3D6BAF811A6810A7007DF67B /* PBXTargetDependency */,
			);
			name = AllAboutMeTests;
			productName = AllAboutMeTests;
			productReference = 3D6BAF7F1A6810A7007DF67B /* AllAboutMeTests.xctest */;
			productType = "com.apple.product-type.bundle.unit-test";
		};
/* End PBXNativeTarget section */

/* Begin PBXProject section */
		3D6BAF621A6810A7007DF67B /* Project object */ = {
			isa = PBXProject;
			attributes = {
				LastUpgradeCheck = 0610;
				ORGANIZATIONNAME = "Pedro Paulo Bellesa Silva";
				TargetAttributes = {
					3D6BAF691A6810A7007DF67B = {
						CreatedOnToolsVersion = 6.1.1;
					};
					3D6BAF7E1A6810A7007DF67B = {
						CreatedOnToolsVersion = 6.1.1;
						TestTargetID = 3D6BAF691A6810A7007DF67B;
					};
				};
			};
			buildConfigurationList = 3D6BAF651A6810A7007DF67B /* Build configuration list for PBXProject "AllAboutMe" */;
			compatibilityVersion = "Xcode 3.2";
			developmentRegion = English;
			hasScannedForEncodings = 0;
			knownRegions = (
				en,
				Base,
			);
			mainGroup = 3D6BAF611A6810A7007DF67B;
			productRefGroup = 3D6BAF6B1A6810A7007DF67B /* Products */;
			projectDirPath = "";
			projectRoot = "";
			targets = (
				3D6BAF691A6810A7007DF67B /* AllAboutMe */,
				3D6BAF7E1A6810A7007DF67B /* AllAboutMeTests */,
			);
		};
/* End PBXProject section */

/* Begin PBXResourcesBuildPhase section */
		3D6BAF681A6810A7007DF67B /* Resources */ = {
			isa = PBXResourcesBuildPhase;
			buildActionMask = 2147483647;
			files = (
				3D6BAF751A6810A7007DF67B /* Main.storyboard in Resources */,
				3D6BAF7A1A6810A7007DF67B /* LaunchScreen.xib in Resources */,
				3D6BAF771A6810A7007DF67B /* Images.xcassets in Resources */,
				3D6BAF921A681261007DF67B /* profile.png in Resources */,
			);
			runOnlyForDeploymentPostprocessing = 0;
		};
		3D6BAF7D1A6810A7007DF67B /* Resources */ = {
			isa = PBXResourcesBuildPhase;
			buildActionMask = 2147483647;
			files = (
			);
			runOnlyForDeploymentPostprocessing = 0;
		};
/* End PBXResourcesBuildPhase section */

/* Begin PBXSourcesBuildPhase section */
		3D6BAF661A6810A7007DF67B /* Sources */ = {
			isa = PBXSourcesBuildPhase;
			buildActionMask = 2147483647;
			files = (
				3D6BAF721A6810A7007DF67B /* ViewController.swift in Sources */,
				3D6BAF701A6810A7007DF67B /* AppDelegate.swift in Sources */,
			);
			runOnlyForDeploymentPostprocessing = 0;
		};
		3D6BAF7B1A6810A7007DF67B /* Sources */ = {
			isa = PBXSourcesBuildPhase;
			buildActionMask = 2147483647;
			files = (
				3D6BAF861A6810A7007DF67B /* AllAboutMeTests.swift in Sources */,
			);
			runOnlyForDeploymentPostprocessing = 0;
		};
/* End PBXSourcesBuildPhase section */

/* Begin PBXTargetDependency section */
		3D6BAF811A6810A7007DF67B /* PBXTargetDependency */ = {
			isa = PBXTargetDependency;
			target = 3D6BAF691A6810A7007DF67B /* AllAboutMe */;
			targetProxy = 3D6BAF801A6810A7007DF67B /* PBXContainerItemProxy */;
		};
/* End PBXTargetDependency section */

/* Begin PBXVariantGroup section */
		3D6BAF731A6810A7007DF67B /* Main.storyboard */ = {
			isa = PBXVariantGroup;
			children = (
				3D6BAF741A6810A7007DF67B /* Base */,
			);
			name = Main.storyboard;
			sourceTree = "<group>";
		};
		3D6BAF781A6810A7007DF67B /* LaunchScreen.xib */ = {
			isa = PBXVariantGroup;
			children = (
				3D6BAF791A6810A7007DF67B /* Base */,
			);
			name = LaunchScreen.xib;
			sourceTree = "<group>";
		};
/* End PBXVariantGroup section */

/* Begin XCBuildConfiguration section */
		3D6BAF871A6810A7007DF67B /* Debug */ = {
			isa = XCBuildConfiguration;
			buildSettings = {
				ALWAYS_SEARCH_USER_PATHS = NO;
				CLANG_CXX_LANGUAGE_STANDARD = "gnu++0x";
				CLANG_CXX_LIBRARY = "libc++";
				CLANG_ENABLE_MODULES = YES;
				CLANG_ENABLE_OBJC_ARC = YES;
				CLANG_WARN_BOOL_CONVERSION = YES;
				CLANG_WARN_CONSTANT_CONVERSION = YES;
				CLANG_WARN_DIRECT_OBJC_ISA_USAGE = YES_ERROR;
				CLANG_WARN_EMPTY_BODY = YES;
				CLANG_WARN_ENUM_CONVERSION = YES;
				CLANG_WARN_INT_CONVERSION = YES;
				CLANG_WARN_OBJC_ROOT_CLASS = YES_ERROR;
				CLANG_WARN_UNREACHABLE_CODE = YES;
				CLANG_WARN__DUPLICATE_METHOD_MATCH = YES;
				"CODE_SIGN_IDENTITY[sdk=iphoneos*]" = "iPhone Developer";
				COPY_PHASE_STRIP = NO;
				ENABLE_STRICT_OBJC_MSGSEND = YES;
				GCC_C_LANGUAGE_STANDARD = gnu99;
				GCC_DYNAMIC_NO_PIC = NO;
				GCC_OPTIMIZATION_LEVEL = 0;
				GCC_PREPROCESSOR_DEFINITIONS = (
					"DEBUG=1",
					"$(inherited)",
				);
				GCC_SYMBOLS_PRIVATE_EXTERN = NO;
				GCC_WARN_64_TO_32_BIT_CONVERSION = YES;
				GCC_WARN_ABOUT_RETURN_TYPE = YES_ERROR;
				GCC_WARN_UNDECLARED_SELECTOR = YES;
				GCC_WARN_UNINITIALIZED_AUTOS = YES_AGGRESSIVE;
				GCC_WARN_UNUSED_FUNCTION = YES;
				GCC_WARN_UNUSED_VARIABLE = YES;
				IPHONEOS_DEPLOYMENT_TARGET = 8.1;
				MTL_ENABLE_DEBUG_INFO = YES;
				ONLY_ACTIVE_ARCH = YES;
				SDKROOT = iphoneos;
				SWIFT_OPTIMIZATION_LEVEL = "-Onone";
			};
			name = Debug;
		};
		3D6BAF881A6810A7007DF67B /* Release */ = {
			isa = XCBuildConfiguration;
			buildSettings = {
				ALWAYS_SEARCH_USER_PATHS = NO;
				CLANG_CXX_LANGUAGE_STANDARD = "gnu++0x";
				CLANG_CXX_LIBRARY = "libc++";
				CLANG_ENABLE_MODULES = YES;
				CLANG_ENABLE_OBJC_ARC = YES;
				CLANG_WARN_BOOL_CONVERSION = YES;
				CLANG_WARN_CONSTANT_CONVERSION = YES;
				CLANG_WARN_DIRECT_OBJC_ISA_USAGE = YES_ERROR;
				CLANG_WARN_EMPTY_BODY = YES;
				CLANG_WARN_ENUM_CONVERSION = YES;
				CLANG_WARN_INT_CONVERSION = YES;
				CLANG_WARN_OBJC_ROOT_CLASS = YES_ERROR;
				CLANG_WARN_UNREACHABLE_CODE = YES;
				CLANG_WARN__DUPLICATE_METHOD_MATCH = YES;
				"CODE_SIGN_IDENTITY[sdk=iphoneos*]" = "iPhone Developer";
				COPY_PHASE_STRIP = YES;
				ENABLE_NS_ASSERTIONS = NO;
				ENABLE_STRICT_OBJC_MSGSEND = YES;
				GCC_C_LANGUAGE_STANDARD = gnu99;
				GCC_WARN_64_TO_32_BIT_CONVERSION = YES;
				GCC_WARN_ABOUT_RETURN_TYPE = YES_ERROR;
				GCC_WARN_UNDECLARED_SELECTOR = YES;
				GCC_WARN_UNINITIALIZED_AUTOS = YES_AGGRESSIVE;
				GCC_WARN_UNUSED_FUNCTION = YES;
				GCC_WARN_UNUSED_VARIABLE = YES;
				IPHONEOS_DEPLOYMENT_TARGET = 8.1;
				MTL_ENABLE_DEBUG_INFO = NO;
				SDKROOT = iphoneos;
				VALIDATE_PRODUCT = YES;
			};
			name = Release;
		};
		3D6BAF8A1A6810A7007DF67B /* Debug */ = {
			isa = XCBuildConfiguration;
			buildSettings = {
				ASSETCATALOG_COMPILER_APPICON_NAME = AppIcon;
				INFOPLIST_FILE = AllAboutMe/Info.plist;
				LD_RUNPATH_SEARCH_PATHS = "$(inherited) @executable_path/Frameworks";
				PRODUCT_NAME = "$(TARGET_NAME)";
			};
			name = Debug;
		};
		3D6BAF8B1A6810A7007DF67B /* Release */ = {
			isa = XCBuildConfiguration;
			buildSettings = {
				ASSETCATALOG_COMPILER_APPICON_NAME = AppIcon;
				INFOPLIST_FILE = AllAboutMe/Info.plist;
				LD_RUNPATH_SEARCH_PATHS = "$(inherited) @executable_path/Frameworks";
				PRODUCT_NAME = "$(TARGET_NAME)";
			};
			name = Release;
		};
		3D6BAF8D1A6810A7007DF67B /* Debug */ = {
			isa = XCBuildConfiguration;
			buildSettings = {
				BUNDLE_LOADER = "$(TEST_HOST)";
				FRAMEWORK_SEARCH_PATHS = (
					"$(SDKROOT)/Developer/Library/Frameworks",
					"$(inherited)",
				);
				GCC_PREPROCESSOR_DEFINITIONS = (
					"DEBUG=1",
					"$(inherited)",
				);
				INFOPLIST_FILE = AllAboutMeTests/Info.plist;
				LD_RUNPATH_SEARCH_PATHS = "$(inherited) @executable_path/Frameworks @loader_path/Frameworks";
				PRODUCT_NAME = "$(TARGET_NAME)";
				TEST_HOST = "$(BUILT_PRODUCTS_DIR)/AllAboutMe.app/AllAboutMe";
			};
			name = Debug;
		};
		3D6BAF8E1A6810A7007DF67B /* Release */ = {
			isa = XCBuildConfiguration;
			buildSettings = {
				BUNDLE_LOADER = "$(TEST_HOST)";
				FRAMEWORK_SEARCH_PATHS = (
					"$(SDKROOT)/Developer/Library/Frameworks",
					"$(inherited)",
				);
				INFOPLIST_FILE = AllAboutMeTests/Info.plist;
				LD_RUNPATH_SEARCH_PATHS = "$(inherited) @executable_path/Frameworks @loader_path/Frameworks";
				PRODUCT_NAME = "$(TARGET_NAME)";
				TEST_HOST = "$(BUILT_PRODUCTS_DIR)/AllAboutMe.app/AllAboutMe";
			};
			name = Release;
		};
/* End XCBuildConfiguration section */

/* Begin XCConfigurationList section */
		3D6BAF651A6810A7007DF67B /* Build configuration list for PBXProject "AllAboutMe" */ = {
			isa = XCConfigurationList;
			buildConfigurations = (
				3D6BAF871A6810A7007DF67B /* Debug */,
				3D6BAF881A6810A7007DF67B /* Release */,
			);
			defaultConfigurationIsVisible = 0;
			defaultConfigurationName = Release;
		};
		3D6BAF891A6810A7007DF67B /* Build configuration list for PBXNativeTarget "AllAboutMe" */ = {
			isa = XCConfigurationList;
			buildConfigurations = (
				3D6BAF8A1A6810A7007DF67B /* Debug */,
				3D6BAF8B1A6810A7007DF67B /* Release */,
			);
			defaultConfigurationIsVisible = 0;
		};
		3D6BAF8C1A6810A7007DF67B /* Build configuration list for PBXNativeTarget "AllAboutMeTests" */ = {
			isa = XCConfigurationList;
			buildConfigurations = (
				3D6BAF8D1A6810A7007DF67B /* Debug */,
				3D6BAF8E1A6810A7007DF67B /* Release */,
			);
			defaultConfigurationIsVisible = 0;
		};
/* End XCConfigurationList section */
	};
	rootObject = 3D6BAF621A6810A7007DF67B /* Project object */;
}
