<?xml version="1.0" encoding="UTF-8"?>
<Scheme
   LastUpgradeVersion = "0610"
   version = "1.3">
   <BuildAction
      parallelizeBuildables = "YES"
      buildImplicitDependencies = "YES">
      <BuildActionEntries>
         <BuildActionEntry
            buildForTesting = "YES"
            buildForRunning = "YES"
            buildForProfiling = "YES"
            buildForArchiving = "YES"
            buildForAnalyzing = "YES">
            <BuildableReference
               BuildableIdentifier = "primary"
               BlueprintIdentifier = "EB762C261A7A81CE00D6006D"
               BuildableName = "QB Stats.app"
               BlueprintName = "QB Stats"
               ReferencedContainer = "container:QB Stats.xcodeproj">
            </BuildableReference>
         </BuildActionEntry>
         <BuildActionEntry
            buildForTesting = "YES"
            buildForRunning = "YES"
            buildForProfiling = "NO"
            buildForArchiving = "NO"
            buildForAnalyzing = "YES">
            <BuildableReference
               BuildableIdentifier = "primary"
               BlueprintIdentifier = "EB762C3B1A7A81CE00D6006D"
               BuildableName = "QB StatsTests.xctest"
               BlueprintName = "QB StatsTests"
               ReferencedContainer = "container:QB Stats.xcodeproj">
            </BuildableReference>
         </BuildActionEntry>
         <BuildActionEntry
            buildForTesting = "YES"
            buildForRunning = "YES"
            buildForProfiling = "NO"
            buildForArchiving = "NO"
            buildForAnalyzing = "YES">
            <BuildableReference
               BuildableIdentifier = "primary"
               BlueprintIdentifier = "D0D9F42D1A7BF8AE00C3F454"
               BuildableName = "QB StatsTests.xctest"
               BlueprintName = "QB StatsTests"
               ReferencedContainer = "container:../../../Downloads/Lab3DataFiles(2)/QB Stats/QB Stats.xcodeproj">
            </BuildableReference>
         </BuildActionEntry>
         <BuildActionEntry
            buildForTesting = "YES"
            buildForRunning = "YES"
            buildForProfiling = "NO"
            buildForArchiving = "NO"
            buildForAnalyzing = "YES">
            <BuildableReference
               BuildableIdentifier = "primary"
               BlueprintIdentifier = "D0D9F42D1A7BF8AE00C3F454"
               BuildableName = "QB StatsTests.xctest"
               BlueprintName = "QB StatsTests"
               ReferencedContainer = "container:QB Stats/QB Stats/QB Stats.xcodeproj">
            </BuildableReference>
         </BuildActionEntry>
      </BuildActionEntries>
   </BuildAction>
   <TestAction
      selectedDebuggerIdentifier = "Xcode.DebuggerFoundation.Debugger.LLDB"
      selectedLauncherIdentifier = "Xcode.DebuggerFoundation.Launcher.LLDB"
      shouldUseLaunchSchemeArgsEnv = "YES"
      buildConfiguration = "Debug">
      <Testables>
         <TestableReference
            skipped = "NO">
            <BuildableReference
               BuildableIdentifier = "primary"
               BlueprintIdentifier = "EB762C3B1A7A81CE00D6006D"
               BuildableName = "QB StatsTests.xctest"
               BlueprintName = "QB StatsTests"
               ReferencedContainer = "container:QB Stats.xcodeproj">
            </BuildableReference>
         </TestableReference>
         <TestableReference
            skipped = "NO">
            <BuildableReference
               BuildableIdentifier = "primary"
               BlueprintIdentifier = "D0D9F42D1A7BF8AE00C3F454"
               BuildableName = "QB StatsTests.xctest"
               BlueprintName = "QB StatsTests"
               ReferencedContainer = "container:../../../Downloads/Lab3DataFiles(2)/QB Stats/QB Stats.xcodeproj">
            </BuildableReference>
         </TestableReference>
         <TestableReference
            skipped = "NO">
            <BuildableReference
               BuildableIdentifier = "primary"
               BlueprintIdentifier = "D0D9F42D1A7BF8AE00C3F454"
               BuildableName = "QB StatsTests.xctest"
               BlueprintName = "QB StatsTests"
               ReferencedContainer = "container:QB Stats/QB Stats/QB Stats.xcodeproj">
            </BuildableReference>
         </TestableReference>
      </Testables>
      <MacroExpansion>
         <BuildableReference
            BuildableIdentifier = "primary"
            BlueprintIdentifier = "EB762C261A7A81CE00D6006D"
            BuildableName = "QB Stats.app"
            BlueprintName = "QB Stats"
            ReferencedContainer = "container:QB Stats.xcodeproj">
         </BuildableReference>
      </MacroExpansion>
   </TestAction>
   <LaunchAction
      selectedDebuggerIdentifier = "Xcode.DebuggerFoundation.Debugger.LLDB"
      selectedLauncherIdentifier = "Xcode.DebuggerFoundation.Launcher.LLDB"
      launchStyle = "0"
      useCustomWorkingDirectory = "NO"
      buildConfiguration = "Debug"
      ignoresPersistentStateOnLaunch = "NO"
      debugDocumentVersioning = "YES"
      allowLocationSimulation = "YES">
      <BuildableProductRunnable>
         <BuildableReference
            BuildableIdentifier = "primary"
            BlueprintIdentifier = "EB762C261A7A81CE00D6006D"
            BuildableName = "QB Stats.app"
            BlueprintName = "QB Stats"
            ReferencedContainer = "container:QB Stats.xcodeproj">
         </BuildableReference>
      </BuildableProductRunnable>
      <AdditionalOptions>
      </AdditionalOptions>
   </LaunchAction>
   <ProfileAction
      shouldUseLaunchSchemeArgsEnv = "YES"
      savedToolIdentifier = ""
      useCustomWorkingDirectory = "NO"
      buildConfiguration = "Release"
      debugDocumentVersioning = "YES">
      <BuildableProductRunnable>
         <BuildableReference
            BuildableIdentifier = "primary"
            BlueprintIdentifier = "EB762C261A7A81CE00D6006D"
            BuildableName = "QB Stats.app"
            BlueprintName = "QB Stats"
            ReferencedContainer = "container:QB Stats.xcodeproj">
         </BuildableReference>
      </BuildableProductRunnable>
   </ProfileAction>
   <AnalyzeAction
      buildConfiguration = "Debug">
   </AnalyzeAction>
   <ArchiveAction
      buildConfiguration = "Release"
      revealArchiveInOrganizer = "YES">
   </ArchiveAction>
</Scheme>
