// !$*UTF8*$!
{
	archiveVersion = 1;
	classes = {
	};
	objectVersion = 46;
	objects = {

/* Begin PBXBuildFile section */
		3D6BAFA21A6813E6007DF67B /* AppDelegate.swift in Sources */ = {isa = PBXBuildFile; fileRef = 3D6BAFA11A6813E6007DF67B /* AppDelegate.swift */; };
		3D6BAFA41A6813E6007DF67B /* ViewController.swift in Sources */ = {isa = PBXBuildFile; fileRef = 3D6BAFA31A6813E6007DF67B /* ViewController.swift */; };
		3D6BAFA71A6813E6007DF67B /* Main.storyboard in Resources */ = {isa = PBXBuildFile; fileRef = 3D6BAFA51A6813E6007DF67B /* Main.storyboard */; };
		3D6BAFA91A6813E6007DF67B /* Images.xcassets in Resources */ = {isa = PBXBuildFile; fileRef = 3D6BAFA81A6813E6007DF67B /* Images.xcassets */; };
		3D6BAFAC1A6813E6007DF67B /* LaunchScreen.xib in Resources */ = {isa = PBXBuildFile; fileRef = 3D6BAFAA1A6813E6007DF67B /* LaunchScreen.xib */; };
		3D6BAFB81A6813E6007DF67B /* ConvertTests.swift in Sources */ = {isa = PBXBuildFile; fileRef = 3D6BAFB71A6813E6007DF67B /* ConvertTests.swift */; };
/* End PBXBuildFile section */

/* Begin PBXContainerItemProxy section */
		3D6BAFB21A6813E6007DF67B /* PBXContainerItemProxy */ = {
			isa = PBXContainerItemProxy;
			containerPortal = 3D6BAF941A6813E6007DF67B /* Project object */;
			proxyType = 1;
			remoteGlobalIDString = 3D6BAF9B1A6813E6007DF67B;
			remoteInfo = Convert;
		};
/* End PBXContainerItemProxy section */

/* Begin PBXFileReference section */
		3D6BAF9C1A6813E6007DF67B /* Convert.app */ = {isa = PBXFileReference; explicitFileType = wrapper.application; includeInIndex = 0; path = Convert.app; sourceTree = BUILT_PRODUCTS_DIR; };
		3D6BAFA01A6813E6007DF67B /* Info.plist */ = {isa = PBXFileReference; lastKnownFileType = text.plist.xml; path = Info.plist; sourceTree = "<group>"; };
		3D6BAFA11A6813E6007DF67B /* AppDelegate.swift */ = {isa = PBXFileReference; lastKnownFileType = sourcecode.swift; path = AppDelegate.swift; sourceTree = "<group>"; };
		3D6BAFA31A6813E6007DF67B /* ViewController.swift */ = {isa = PBXFileReference; lastKnownFileType = sourcecode.swift; path = ViewController.swift; sourceTree = "<group>"; };
		3D6BAFA61A6813E6007DF67B /* Base */ = {isa = PBXFileReference; lastKnownFileType = file.storyboard; name = Base; path = Base.lproj/Main.storyboard; sourceTree = "<group>"; };
		3D6BAFA81A6813E6007DF67B /* Images.xcassets */ = {isa = PBXFileReference; lastKnownFileType = folder.assetcatalog; path = Images.xcassets; sourceTree = "<group>"; };
		3D6BAFAB1A6813E6007DF67B /* Base */ = {isa = PBXFileReference; lastKnownFileType = file.xib; name = Base; path = Base.lproj/LaunchScreen.xib; sourceTree = "<group>"; };
		3D6BAFB11A6813E6007DF67B /* ConvertTests.xctest */ = {isa = PBXFileReference; explicitFileType = wrapper.cfbundle; includeInIndex = 0; path = ConvertTests.xctest; sourceTree = BUILT_PRODUCTS_DIR; };
		3D6BAFB61A6813E6007DF67B /* Info.plist */ = {isa = PBXFileReference; lastKnownFileType = text.plist.xml; path = Info.plist; sourceTree = "<group>"; };
		3D6BAFB71A6813E6007DF67B /* ConvertTests.swift */ = {isa = PBXFileReference; lastKnownFileType = sourcecode.swift; path = ConvertTests.swift; sourceTree = "<group>"; };
/* End PBXFileReference section */

/* Begin PBXFrameworksBuildPhase section */
		3D6BAF991A6813E6007DF67B /* Frameworks */ = {
			isa = PBXFrameworksBuildPhase;
			buildActionMask = 2147483647;
			files = (
			);
			runOnlyForDeploymentPostprocessing = 0;
		};
		3D6BAFAE1A6813E6007DF67B /* Frameworks */ = {
			isa = PBXFrameworksBuildPhase;
			buildActionMask = 2147483647;
			files = (
			);
			runOnlyForDeploymentPostprocessing = 0;
		};
/* End PBXFrameworksBuildPhase section */

/* Begin PBXGroup section */
		3D6BAF931A6813E6007DF67B = {
			isa = PBXGroup;
			children = (
				3D6BAF9E1A6813E6007DF67B /* Convert */,
				3D6BAFB41A6813E6007DF67B /* ConvertTests */,
				3D6BAF9D1A6813E6007DF67B /* Products */,
			);
			sourceTree = "<group>";
		};
		3D6BAF9D1A6813E6007DF67B /* Products */ = {
			isa = PBXGroup;
			children = (
				3D6BAF9C1A6813E6007DF67B /* Convert.app */,
				3D6BAFB11A6813E6007DF67B /* ConvertTests.xctest */,
			);
			name = Products;
			sourceTree = "<group>";
		};
		3D6BAF9E1A6813E6007DF67B /* Convert */ = {
			isa = PBXGroup;
			children = (
				3D6BAFA11A6813E6007DF67B /* AppDelegate.swift */,
				3D6BAFA31A6813E6007DF67B /* ViewController.swift */,
				3D6BAFA51A6813E6007DF67B /* Main.storyboard */,
				3D6BAFA81A6813E6007DF67B /* Images.xcassets */,
				3D6BAFAA1A6813E6007DF67B /* LaunchScreen.xib */,
				3D6BAF9F1A6813E6007DF67B /* Supporting Files */,
			);
			path = Convert;
			sourceTree = "<group>";
		};
		3D6BAF9F1A6813E6007DF67B /* Supporting Files */ = {
			isa = PBXGroup;
			children = (
				3D6BAFA01A6813E6007DF67B /* Info.plist */,
			);
			name = "Supporting Files";
			sourceTree = "<group>";
		};
		3D6BAFB41A6813E6007DF67B /* ConvertTests */ = {
			isa = PBXGroup;
			children = (
				3D6BAFB71A6813E6007DF67B /* ConvertTests.swift */,
				3D6BAFB51A6813E6007DF67B /* Supporting Files */,
			);
			path = ConvertTests;
			sourceTree = "<group>";
		};
		3D6BAFB51A6813E6007DF67B /* Supporting Files */ = {
			isa = PBXGroup;
			children = (
				3D6BAFB61A6813E6007DF67B /* Info.plist */,
			);
			name = "Supporting Files";
			sourceTree = "<group>";
		};
/* End PBXGroup section */

/* Begin PBXNativeTarget section */
		3D6BAF9B1A6813E6007DF67B /* Convert */ = {
			isa = PBXNativeTarget;
			buildConfigurationList = 3D6BAFBB1A6813E6007DF67B /* Build configuration list for PBXNativeTarget "Convert" */;
			buildPhases = (
				3D6BAF981A6813E6007DF67B /* Sources */,
				3D6BAF991A6813E6007DF67B /* Frameworks */,
				3D6BAF9A1A6813E6007DF67B /* Resources */,
			);
			buildRules = (
			);
			dependencies = (
			);
			name = Convert;
			productName = Convert;
			productReference = 3D6BAF9C1A6813E6007DF67B /* Convert.app */;
			productType = "com.apple.product-type.application";
		};
		3D6BAFB01A6813E6007DF67B /* ConvertTests */ = {
			isa = PBXNativeTarget;
			buildConfigurationList = 3D6BAFBE1A6813E6007DF67B /* Build configuration list for PBXNativeTarget "ConvertTests" */;
			buildPhases = (
				3D6BAFAD1A6813E6007DF67B /* Sources */,
				3D6BAFAE1A6813E6007DF67B /* Frameworks */,
				3D6BAFAF1A6813E6007DF67B /* Resources */,
			);
			buildRules = (
			);
			dependencies = (
				3D6BAFB31A6813E6007DF67B /* PBXTargetDependency */,
			);
			name = ConvertTests;
			productName = ConvertTests;
			productReference = 3D6BAFB11A6813E6007DF67B /* ConvertTests.xctest */;
			productType = "com.apple.product-type.bundle.unit-test";
		};
/* End PBXNativeTarget section */

/* Begin PBXProject section */
		3D6BAF941A6813E6007DF67B /* Project object */ = {
			isa = PBXProject;
			attributes = {
				LastUpgradeCheck = 0610;
				ORGANIZATIONNAME = "Pedro Paulo Bellesa Silva";
				TargetAttributes = {
					3D6BAF9B1A6813E6007DF67B = {
						CreatedOnToolsVersion = 6.1.1;
					};
					3D6BAFB01A6813E6007DF67B = {
						CreatedOnToolsVersion = 6.1.1;
						TestTargetID = 3D6BAF9B1A6813E6007DF67B;
					};
				};
			};
			buildConfigurationList = 3D6BAF971A6813E6007DF67B /* Build configuration list for PBXProject "Convert" */;
			compatibilityVersion = "Xcode 3.2";
			developmentRegion = English;
			hasScannedForEncodings = 0;
			knownRegions = (
				en,
				Base,
			);
			mainGroup = 3D6BAF931A6813E6007DF67B;
			productRefGroup = 3D6BAF9D1A6813E6007DF67B /* Products */;
			projectDirPath = "";
			projectRoot = "";
			targets = (
				3D6BAF9B1A6813E6007DF67B /* Convert */,
				3D6BAFB01A6813E6007DF67B /* ConvertTests */,
			);
		};
/* End PBXProject section */

/* Begin PBXResourcesBuildPhase section */
		3D6BAF9A1A6813E6007DF67B /* Resources */ = {
			isa = PBXResourcesBuildPhase;
			buildActionMask = 2147483647;
			files = (
				3D6BAFA71A6813E6007DF67B /* Main.storyboard in Resources */,
				3D6BAFAC1A6813E6007DF67B /* LaunchScreen.xib in Resources */,
				3D6BAFA91A6813E6007DF67B /* Images.xcassets in Resources */,
			);
			runOnlyForDeploymentPostprocessing = 0;
		};
		3D6BAFAF1A6813E6007DF67B /* Resources */ = {
			isa = PBXResourcesBuildPhase;
			buildActionMask = 2147483647;
			files = (
			);
			runOnlyForDeploymentPostprocessing = 0;
		};
/* End PBXResourcesBuildPhase section */

/* Begin PBXSourcesBuildPhase section */
		3D6BAF981A6813E6007DF67B /* Sources */ = {
			isa = PBXSourcesBuildPhase;
			buildActionMask = 2147483647;
			files = (
				3D6BAFA41A6813E6007DF67B /* ViewController.swift in Sources */,
				3D6BAFA21A6813E6007DF67B /* AppDelegate.swift in Sources */,
			);
			runOnlyForDeploymentPostprocessing = 0;
		};
		3D6BAFAD1A6813E6007DF67B /* Sources */ = {
			isa = PBXSourcesBuildPhase;
			buildActionMask = 2147483647;
			files = (
				3D6BAFB81A6813E6007DF67B /* ConvertTests.swift in Sources */,
			);
			runOnlyForDeploymentPostprocessing = 0;
		};
/* End PBXSourcesBuildPhase section */

/* Begin PBXTargetDependency section */
		3D6BAFB31A6813E6007DF67B /* PBXTargetDependency */ = {
			isa = PBXTargetDependency;
			target = 3D6BAF9B1A6813E6007DF67B /* Convert */;
			targetProxy = 3D6BAFB21A6813E6007DF67B /* PBXContainerItemProxy */;
		};
/* End PBXTargetDependency section */

/* Begin PBXVariantGroup section */
		3D6BAFA51A6813E6007DF67B /* Main.storyboard */ = {
			isa = PBXVariantGroup;
			children = (
				3D6BAFA61A6813E6007DF67B /* Base */,
			);
			name = Main.storyboard;
			sourceTree = "<group>";
		};
		3D6BAFAA1A6813E6007DF67B /* LaunchScreen.xib */ = {
			isa = PBXVariantGroup;
			children = (
				3D6BAFAB1A6813E6007DF67B /* Base */,
			);
			name = LaunchScreen.xib;
			sourceTree = "<group>";
		};
/* End PBXVariantGroup section */

/* Begin XCBuildConfiguration section */
		3D6BAFB91A6813E6007DF67B /* Debug */ = {
			isa = XCBuildConfiguration;
			buildSettings = {
				ALWAYS_SEARCH_USER_PATHS = NO;
				CLANG_CXX_LANGUAGE_STANDARD = "gnu++0x";
				CLANG_CXX_LIBRARY = "libc++";
				CLANG_ENABLE_MODULES = YES;
				CLANG_ENABLE_OBJC_ARC = YES;
				CLANG_WARN_BOOL_CONVERSION = YES;
				CLANG_WARN_CONSTANT_CONVERSION = YES;
				CLANG_WARN_DIRECT_OBJC_ISA_USAGE = YES_ERROR;
				CLANG_WARN_EMPTY_BODY = YES;
				CLANG_WARN_ENUM_CONVERSION = YES;
				CLANG_WARN_INT_CONVERSION = YES;
				CLANG_WARN_OBJC_ROOT_CLASS = YES_ERROR;
				CLANG_WARN_UNREACHABLE_CODE = YES;
				CLANG_WARN__DUPLICATE_METHOD_MATCH = YES;
				"CODE_SIGN_IDENTITY[sdk=iphoneos*]" = "iPhone Developer";
				COPY_PHASE_STRIP = NO;
				ENABLE_STRICT_OBJC_MSGSEND = YES;
				GCC_C_LANGUAGE_STANDARD = gnu99;
				GCC_DYNAMIC_NO_PIC = NO;
				GCC_OPTIMIZATION_LEVEL = 0;
				GCC_PREPROCESSOR_DEFINITIONS = (
					"DEBUG=1",
					"$(inherited)",
				);
				GCC_SYMBOLS_PRIVATE_EXTERN = NO;
				GCC_WARN_64_TO_32_BIT_CONVERSION = YES;
				GCC_WARN_ABOUT_RETURN_TYPE = YES_ERROR;
				GCC_WARN_UNDECLARED_SELECTOR = YES;
				GCC_WARN_UNINITIALIZED_AUTOS = YES_AGGRESSIVE;
				GCC_WARN_UNUSED_FUNCTION = YES;
				GCC_WARN_UNUSED_VARIABLE = YES;
				IPHONEOS_DEPLOYMENT_TARGET = 8.1;
				MTL_ENABLE_DEBUG_INFO = YES;
				ONLY_ACTIVE_ARCH = YES;
				SDKROOT = iphoneos;
				SWIFT_OPTIMIZATION_LEVEL = "-Onone";
			};
			name = Debug;
		};
		3D6BAFBA1A6813E6007DF67B /* Release */ = {
			isa = XCBuildConfiguration;
			buildSettings = {
				ALWAYS_SEARCH_USER_PATHS = NO;
				CLANG_CXX_LANGUAGE_STANDARD = "gnu++0x";
				CLANG_CXX_LIBRARY = "libc++";
				CLANG_ENABLE_MODULES = YES;
				CLANG_ENABLE_OBJC_ARC = YES;
				CLANG_WARN_BOOL_CONVERSION = YES;
				CLANG_WARN_CONSTANT_CONVERSION = YES;
				CLANG_WARN_DIRECT_OBJC_ISA_USAGE = YES_ERROR;
				CLANG_WARN_EMPTY_BODY = YES;
				CLANG_WARN_ENUM_CONVERSION = YES;
				CLANG_WARN_INT_CONVERSION = YES;
				CLANG_WARN_OBJC_ROOT_CLASS = YES_ERROR;
				CLANG_WARN_UNREACHABLE_CODE = YES;
				CLANG_WARN__DUPLICATE_METHOD_MATCH = YES;
				"CODE_SIGN_IDENTITY[sdk=iphoneos*]" = "iPhone Developer";
				COPY_PHASE_STRIP = YES;
				ENABLE_NS_ASSERTIONS = NO;
				ENABLE_STRICT_OBJC_MSGSEND = YES;
				GCC_C_LANGUAGE_STANDARD = gnu99;
				GCC_WARN_64_TO_32_BIT_CONVERSION = YES;
				GCC_WARN_ABOUT_RETURN_TYPE = YES_ERROR;
				GCC_WARN_UNDECLARED_SELECTOR = YES;
				GCC_WARN_UNINITIALIZED_AUTOS = YES_AGGRESSIVE;
				GCC_WARN_UNUSED_FUNCTION = YES;
				GCC_WARN_UNUSED_VARIABLE = YES;
				IPHONEOS_DEPLOYMENT_TARGET = 8.1;
				MTL_ENABLE_DEBUG_INFO = NO;
				SDKROOT = iphoneos;
				VALIDATE_PRODUCT = YES;
			};
			name = Release;
		};
		3D6BAFBC1A6813E6007DF67B /* Debug */ = {
			isa = XCBuildConfiguration;
			buildSettings = {
				ASSETCATALOG_COMPILER_APPICON_NAME = AppIcon;
				INFOPLIST_FILE = Convert/Info.plist;
				LD_RUNPATH_SEARCH_PATHS = "$(inherited) @executable_path/Frameworks";
				PRODUCT_NAME = "$(TARGET_NAME)";
			};
			name = Debug;
		};
		3D6BAFBD1A6813E6007DF67B /* Release */ = {
			isa = XCBuildConfiguration;
			buildSettings = {
				ASSETCATALOG_COMPILER_APPICON_NAME = AppIcon;
				INFOPLIST_FILE = Convert/Info.plist;
				LD_RUNPATH_SEARCH_PATHS = "$(inherited) @executable_path/Frameworks";
				PRODUCT_NAME = "$(TARGET_NAME)";
			};
			name = Release;
		};
		3D6BAFBF1A6813E6007DF67B /* Debug */ = {
			isa = XCBuildConfiguration;
			buildSettings = {
				BUNDLE_LOADER = "$(TEST_HOST)";
				FRAMEWORK_SEARCH_PATHS = (
					"$(SDKROOT)/Developer/Library/Frameworks",
					"$(inherited)",
				);
				GCC_PREPROCESSOR_DEFINITIONS = (
					"DEBUG=1",
					"$(inherited)",
				);
				INFOPLIST_FILE = ConvertTests/Info.plist;
				LD_RUNPATH_SEARCH_PATHS = "$(inherited) @executable_path/Frameworks @loader_path/Frameworks";
				PRODUCT_NAME = "$(TARGET_NAME)";
				TEST_HOST = "$(BUILT_PRODUCTS_DIR)/Convert.app/Convert";
			};
			name = Debug;
		};
		3D6BAFC01A6813E6007DF67B /* Release */ = {
			isa = XCBuildConfiguration;
			buildSettings = {
				BUNDLE_LOADER = "$(TEST_HOST)";
				FRAMEWORK_SEARCH_PATHS = (
					"$(SDKROOT)/Developer/Library/Frameworks",
					"$(inherited)",
				);
				INFOPLIST_FILE = ConvertTests/Info.plist;
				LD_RUNPATH_SEARCH_PATHS = "$(inherited) @executable_path/Frameworks @loader_path/Frameworks";
				PRODUCT_NAME = "$(TARGET_NAME)";
				TEST_HOST = "$(BUILT_PRODUCTS_DIR)/Convert.app/Convert";
			};
			name = Release;
		};
/* End XCBuildConfiguration section */

/* Begin XCConfigurationList section */
		3D6BAF971A6813E6007DF67B /* Build configuration list for PBXProject "Convert" */ = {
			isa = XCConfigurationList;
			buildConfigurations = (
				3D6BAFB91A6813E6007DF67B /* Debug */,
				3D6BAFBA1A6813E6007DF67B /* Release */,
			);
			defaultConfigurationIsVisible = 0;
			defaultConfigurationName = Release;
		};
		3D6BAFBB1A6813E6007DF67B /* Build configuration list for PBXNativeTarget "Convert" */ = {
			isa = XCConfigurationList;
			buildConfigurations = (
				3D6BAFBC1A6813E6007DF67B /* Debug */,
				3D6BAFBD1A6813E6007DF67B /* Release */,
			);
			defaultConfigurationIsVisible = 0;
		};
		3D6BAFBE1A6813E6007DF67B /* Build configuration list for PBXNativeTarget "ConvertTests" */ = {
			isa = XCConfigurationList;
			buildConfigurations = (
				3D6BAFBF1A6813E6007DF67B /* Debug */,
				3D6BAFC01A6813E6007DF67B /* Release */,
			);
			defaultConfigurationIsVisible = 0;
		};
/* End XCConfigurationList section */
	};
	rootObject = 3D6BAF941A6813E6007DF67B /* Project object */;
}
